
Microsoft Visual Studio Solution File, Format Version 12.00
# Visual Studio Version 16
VisualStudioVersion = 16.0.32413.511
MinimumVisualStudioVersion = 10.0.40219.1
Project("{FAE04EC0-301F-11D3-BF4B-00C04F79EFBC}") = "ConsoleEJ3", "ConsoleEJ3\ConsoleEJ3.csproj", "{CCB48F94-EFED-464D-B7F1-50F213E3218E}"
EndProject
Global
	GlobalSection(SolutionConfigurationPlatforms) = preSolution
		Debug|Any CPU = Debug|Any CPU
		Release|Any CPU = Release|Any CPU
	EndGlobalSection
	GlobalSection(ProjectConfigurationPlatforms) = postSolution
		{CCB48F94-EFED-464D-B7F1-50F213E3218E}.Debug|Any CPU.ActiveCfg = Debug|Any CPU
		{CCB48F94-EFED-464D-B7F1-50F213E3218E}.Debug|Any CPU.Build.0 = Debug|Any CPU
		{CCB48F94-EFED-464D-B7F1-50F213E3218E}.Release|Any CPU.ActiveCfg = Release|Any CPU
		{CCB48F94-EFED-464D-B7F1-50F213E3218E}.Release|Any CPU.Build.0 = Release|Any CPU
	EndGlobalSection
	GlobalSection(SolutionProperties) = preSolution
		HideSolutionNode = FALSE
	EndGlobalSection
	GlobalSection(ExtensibilityGlobals) = postSolution
		SolutionGuid = {5D104FAD-BC57-4813-93E0-7B414E41C6CC}
	EndGlobalSection
EndGlobal
